
Microsoft Visual Studio Solution File, Format Version 12.00
# Visual Studio 14
VisualStudioVersion = 14.0.25420.1
MinimumVisualStudioVersion = 10.0.40219.1
Project("{FAE04EC0-301F-11D3-BF4B-00C04F79EFBC}") = "BindablePropertyPractice", "BindablePropertyPractice\BindablePropertyPractice\BindablePropertyPractice.csproj", "{EA706F67-4529-41A6-AA78-E8671DFEA20A}"
EndProject
Project("{FAE04EC0-301F-11D3-BF4B-00C04F79EFBC}") = "BindablePropertyPractice.Droid", "BindablePropertyPractice\BindablePropertyPractice.Droid\BindablePropertyPractice.Droid.csproj", "{FA6F9058-1266-4F13-BB2A-728C6BD64015}"
EndProject
Project("{FAE04EC0-301F-11D3-BF4B-00C04F79EFBC}") = "BindablePropertyPractice.iOS", "BindablePropertyPractice\BindablePropertyPractice.iOS\BindablePropertyPractice.iOS.csproj", "{90DB2A2B-3CBB-407B-B17C-CC04B282F949}"
EndProject
Global
	GlobalSection(SolutionConfigurationPlatforms) = preSolution
		Ad-Hoc|Any CPU = Ad-Hoc|Any CPU
		Ad-Hoc|iPhone = Ad-Hoc|iPhone
		Ad-Hoc|iPhoneSimulator = Ad-Hoc|iPhoneSimulator
		AppStore|Any CPU = AppStore|Any CPU
		AppStore|iPhone = AppStore|iPhone
		AppStore|iPhoneSimulator = AppStore|iPhoneSimulator
		Debug|Any CPU = Debug|Any CPU
		Debug|iPhone = Debug|iPhone
		Debug|iPhoneSimulator = Debug|iPhoneSimulator
		Release|Any CPU = Release|Any CPU
		Release|iPhone = Release|iPhone
		Release|iPhoneSimulator = Release|iPhoneSimulator
	EndGlobalSection
	GlobalSection(ProjectConfigurationPlatforms) = postSolution
		{EA706F67-4529-41A6-AA78-E8671DFEA20A}.Ad-Hoc|Any CPU.ActiveCfg = Release|Any CPU
		{EA706F67-4529-41A6-AA78-E8671DFEA20A}.Ad-Hoc|Any CPU.Build.0 = Release|Any CPU
		{EA706F67-4529-41A6-AA78-E8671DFEA20A}.Ad-Hoc|iPhone.ActiveCfg = Release|Any CPU
		{EA706F67-4529-41A6-AA78-E8671DFEA20A}.Ad-Hoc|iPhone.Build.0 = Release|Any CPU
		{EA706F67-4529-41A6-AA78-E8671DFEA20A}.Ad-Hoc|iPhoneSimulator.ActiveCfg = Release|Any CPU
		{EA706F67-4529-41A6-AA78-E8671DFEA20A}.Ad-Hoc|iPhoneSimulator.Build.0 = Release|Any CPU
		{EA706F67-4529-41A6-AA78-E8671DFEA20A}.AppStore|Any CPU.ActiveCfg = Release|Any CPU
		{EA706F67-4529-41A6-AA78-E8671DFEA20A}.AppStore|Any CPU.Build.0 = Release|Any CPU
		{EA706F67-4529-41A6-AA78-E8671DFEA20A}.AppStore|iPhone.ActiveCfg = Release|Any CPU
		{EA706F67-4529-41A6-AA78-E8671DFEA20A}.AppStore|iPhone.Build.0 = Release|Any CPU
		{EA706F67-4529-41A6-AA78-E8671DFEA20A}.AppStore|iPhoneSimulator.ActiveCfg = Release|Any CPU
		{EA706F67-4529-41A6-AA78-E8671DFEA20A}.AppStore|iPhoneSimulator.Build.0 = Release|Any CPU
		{EA706F67-4529-41A6-AA78-E8671DFEA20A}.Debug|Any CPU.ActiveCfg = Debug|Any CPU
		{EA706F67-4529-41A6-AA78-E8671DFEA20A}.Debug|Any CPU.Build.0 = Debug|Any CPU
		{EA706F67-4529-41A6-AA78-E8671DFEA20A}.Debug|iPhone.ActiveCfg = Debug|Any CPU
		{EA706F67-4529-41A6-AA78-E8671DFEA20A}.Debug|iPhone.Build.0 = Debug|Any CPU
		{EA706F67-4529-41A6-AA78-E8671DFEA20A}.Debug|iPhoneSimulator.ActiveCfg = Debug|Any CPU
		{EA706F67-4529-41A6-AA78-E8671DFEA20A}.Debug|iPhoneSimulator.Build.0 = Debug|Any CPU
		{EA706F67-4529-41A6-AA78-E8671DFEA20A}.Release|Any CPU.ActiveCfg = Release|Any CPU
		{EA706F67-4529-41A6-AA78-E8671DFEA20A}.Release|Any CPU.Build.0 = Release|Any CPU
		{EA706F67-4529-41A6-AA78-E8671DFEA20A}.Release|iPhone.ActiveCfg = Release|Any CPU
		{EA706F67-4529-41A6-AA78-E8671DFEA20A}.Release|iPhone.Build.0 = Release|Any CPU
		{EA706F67-4529-41A6-AA78-E8671DFEA20A}.Release|iPhoneSimulator.ActiveCfg = Release|Any CPU
		{EA706F67-4529-41A6-AA78-E8671DFEA20A}.Release|iPhoneSimulator.Build.0 = Release|Any CPU
		{FA6F9058-1266-4F13-BB2A-728C6BD64015}.Ad-Hoc|Any CPU.ActiveCfg = Release|Any CPU
		{FA6F9058-1266-4F13-BB2A-728C6BD64015}.Ad-Hoc|Any CPU.Build.0 = Release|Any CPU
		{FA6F9058-1266-4F13-BB2A-728C6BD64015}.Ad-Hoc|Any CPU.Deploy.0 = Release|Any CPU
		{FA6F9058-1266-4F13-BB2A-728C6BD64015}.Ad-Hoc|iPhone.ActiveCfg = Release|Any CPU
		{FA6F9058-1266-4F13-BB2A-728C6BD64015}.Ad-Hoc|iPhone.Build.0 = Release|Any CPU
		{FA6F9058-1266-4F13-BB2A-728C6BD64015}.Ad-Hoc|iPhone.Deploy.0 = Release|Any CPU
		{FA6F9058-1266-4F13-BB2A-728C6BD64015}.Ad-Hoc|iPhoneSimulator.ActiveCfg = Release|Any CPU
		{FA6F9058-1266-4F13-BB2A-728C6BD64015}.Ad-Hoc|iPhoneSimulator.Build.0 = Release|Any CPU
		{FA6F9058-1266-4F13-BB2A-728C6BD64015}.Ad-Hoc|iPhoneSimulator.Deploy.0 = Release|Any CPU
		{FA6F9058-1266-4F13-BB2A-728C6BD64015}.AppStore|Any CPU.ActiveCfg = Release|Any CPU
		{FA6F9058-1266-4F13-BB2A-728C6BD64015}.AppStore|Any CPU.Build.0 = Release|Any CPU
		{FA6F9058-1266-4F13-BB2A-728C6BD64015}.AppStore|Any CPU.Deploy.0 = Release|Any CPU
		{FA6F9058-1266-4F13-BB2A-728C6BD64015}.AppStore|iPhone.ActiveCfg = Release|Any CPU
		{FA6F9058-1266-4F13-BB2A-728C6BD64015}.AppStore|iPhone.Build.0 = Release|Any CPU
		{FA6F9058-1266-4F13-BB2A-728C6BD64015}.AppStore|iPhone.Deploy.0 = Release|Any CPU
		{FA6F9058-1266-4F13-BB2A-728C6BD64015}.AppStore|iPhoneSimulator.ActiveCfg = Release|Any CPU
		{FA6F9058-1266-4F13-BB2A-728C6BD64015}.AppStore|iPhoneSimulator.Build.0 = Release|Any CPU
		{FA6F9058-1266-4F13-BB2A-728C6BD64015}.AppStore|iPhoneSimulator.Deploy.0 = Release|Any CPU
		{FA6F9058-1266-4F13-BB2A-728C6BD64015}.Debug|Any CPU.ActiveCfg = Debug|Any CPU
		{FA6F9058-1266-4F13-BB2A-728C6BD64015}.Debug|Any CPU.Build.0 = Debug|Any CPU
		{FA6F9058-1266-4F13-BB2A-728C6BD64015}.Debug|Any CPU.Deploy.0 = Debug|Any CPU
		{FA6F9058-1266-4F13-BB2A-728C6BD64015}.Debug|iPhone.ActiveCfg = Debug|Any CPU
		{FA6F9058-1266-4F13-BB2A-728C6BD64015}.Debug|iPhone.Build.0 = Debug|Any CPU
		{FA6F9058-1266-4F13-BB2A-728C6BD64015}.Debug|iPhone.Deploy.0 = Debug|Any CPU
		{FA6F9058-1266-4F13-BB2A-728C6BD64015}.Debug|iPhoneSimulator.ActiveCfg = Debug|Any CPU
		{FA6F9058-1266-4F13-BB2A-728C6BD64015}.Debug|iPhoneSimulator.Build.0 = Debug|Any CPU
		{FA6F9058-1266-4F13-BB2A-728C6BD64015}.Debug|iPhoneSimulator.Deploy.0 = Debug|Any CPU
		{FA6F9058-1266-4F13-BB2A-728C6BD64015}.Release|Any CPU.ActiveCfg = Release|Any CPU
		{FA6F9058-1266-4F13-BB2A-728C6BD64015}.Release|Any CPU.Build.0 = Release|Any CPU
		{FA6F9058-1266-4F13-BB2A-728C6BD64015}.Release|Any CPU.Deploy.0 = Release|Any CPU
		{FA6F9058-1266-4F13-BB2A-728C6BD64015}.Release|iPhone.ActiveCfg = Release|Any CPU
		{FA6F9058-1266-4F13-BB2A-728C6BD64015}.Release|iPhone.Build.0 = Release|Any CPU
		{FA6F9058-1266-4F13-BB2A-728C6BD64015}.Release|iPhone.Deploy.0 = Release|Any CPU
		{FA6F9058-1266-4F13-BB2A-728C6BD64015}.Release|iPhoneSimulator.ActiveCfg = Release|Any CPU
		{FA6F9058-1266-4F13-BB2A-728C6BD64015}.Release|iPhoneSimulator.Build.0 = Release|Any CPU
		{FA6F9058-1266-4F13-BB2A-728C6BD64015}.Release|iPhoneSimulator.Deploy.0 = Release|Any CPU
		{90DB2A2B-3CBB-407B-B17C-CC04B282F949}.Ad-Hoc|Any CPU.ActiveCfg = Ad-Hoc|iPhone
		{90DB2A2B-3CBB-407B-B17C-CC04B282F949}.Ad-Hoc|iPhone.ActiveCfg = Ad-Hoc|iPhone
		{90DB2A2B-3CBB-407B-B17C-CC04B282F949}.Ad-Hoc|iPhone.Build.0 = Ad-Hoc|iPhone
		{90DB2A2B-3CBB-407B-B17C-CC04B282F949}.Ad-Hoc|iPhoneSimulator.ActiveCfg = Ad-Hoc|iPhoneSimulator
		{90DB2A2B-3CBB-407B-B17C-CC04B282F949}.Ad-Hoc|iPhoneSimulator.Build.0 = Ad-Hoc|iPhoneSimulator
		{90DB2A2B-3CBB-407B-B17C-CC04B282F949}.AppStore|Any CPU.ActiveCfg = AppStore|iPhone
		{90DB2A2B-3CBB-407B-B17C-CC04B282F949}.AppStore|iPhone.ActiveCfg = AppStore|iPhone
		{90DB2A2B-3CBB-407B-B17C-CC04B282F949}.AppStore|iPhone.Build.0 = AppStore|iPhone
		{90DB2A2B-3CBB-407B-B17C-CC04B282F949}.AppStore|iPhoneSimulator.ActiveCfg = AppStore|iPhoneSimulator
		{90DB2A2B-3CBB-407B-B17C-CC04B282F949}.AppStore|iPhoneSimulator.Build.0 = AppStore|iPhoneSimulator
		{90DB2A2B-3CBB-407B-B17C-CC04B282F949}.Debug|Any CPU.ActiveCfg = Debug|iPhone
		{90DB2A2B-3CBB-407B-B17C-CC04B282F949}.Debug|iPhone.ActiveCfg = Debug|iPhone
		{90DB2A2B-3CBB-407B-B17C-CC04B282F949}.Debug|iPhone.Build.0 = Debug|iPhone
		{90DB2A2B-3CBB-407B-B17C-CC04B282F949}.Debug|iPhoneSimulator.ActiveCfg = Debug|iPhoneSimulator
		{90DB2A2B-3CBB-407B-B17C-CC04B282F949}.Debug|iPhoneSimulator.Build.0 = Debug|iPhoneSimulator
		{90DB2A2B-3CBB-407B-B17C-CC04B282F949}.Release|Any CPU.ActiveCfg = Release|iPhone
		{90DB2A2B-3CBB-407B-B17C-CC04B282F949}.Release|iPhone.ActiveCfg = Release|iPhone
		{90DB2A2B-3CBB-407B-B17C-CC04B282F949}.Release|iPhone.Build.0 = Release|iPhone
		{90DB2A2B-3CBB-407B-B17C-CC04B282F949}.Release|iPhoneSimulator.ActiveCfg = Release|iPhoneSimulator
		{90DB2A2B-3CBB-407B-B17C-CC04B282F949}.Release|iPhoneSimulator.Build.0 = Release|iPhoneSimulator
	EndGlobalSection
	GlobalSection(SolutionProperties) = preSolution
		HideSolutionNode = FALSE
	EndGlobalSection
EndGlobal
