
Microsoft Visual Studio Solution File, Format Version 12.00
# Visual Studio 14
VisualStudioVersion = 14.0.25420.1
MinimumVisualStudioVersion = 10.0.40219.1
Project("{FAE04EC0-301F-11D3-BF4B-00C04F79EFBC}") = "StackLayoutRequestWith", "StackLayoutRequestWith\StackLayoutRequestWith\StackLayoutRequestWith.csproj", "{AE695FAE-11F9-4592-84C9-7C8F8454F8F9}"
EndProject
Project("{FAE04EC0-301F-11D3-BF4B-00C04F79EFBC}") = "StackLayoutRequestWith.Droid", "StackLayoutRequestWith\StackLayoutRequestWith.Droid\StackLayoutRequestWith.Droid.csproj", "{94B4293D-866B-497E-842B-AAA0E9D709C6}"
EndProject
Project("{FAE04EC0-301F-11D3-BF4B-00C04F79EFBC}") = "StackLayoutRequestWith.iOS", "StackLayoutRequestWith\StackLayoutRequestWith.iOS\StackLayoutRequestWith.iOS.csproj", "{F34BA33D-3515-428A-A013-3C8E87D140B2}"
EndProject
Global
	GlobalSection(SolutionConfigurationPlatforms) = preSolution
		Ad-Hoc|Any CPU = Ad-Hoc|Any CPU
		Ad-Hoc|iPhone = Ad-Hoc|iPhone
		Ad-Hoc|iPhoneSimulator = Ad-Hoc|iPhoneSimulator
		AppStore|Any CPU = AppStore|Any CPU
		AppStore|iPhone = AppStore|iPhone
		AppStore|iPhoneSimulator = AppStore|iPhoneSimulator
		Debug|Any CPU = Debug|Any CPU
		Debug|iPhone = Debug|iPhone
		Debug|iPhoneSimulator = Debug|iPhoneSimulator
		Release|Any CPU = Release|Any CPU
		Release|iPhone = Release|iPhone
		Release|iPhoneSimulator = Release|iPhoneSimulator
	EndGlobalSection
	GlobalSection(ProjectConfigurationPlatforms) = postSolution
		{AE695FAE-11F9-4592-84C9-7C8F8454F8F9}.Ad-Hoc|Any CPU.ActiveCfg = Release|Any CPU
		{AE695FAE-11F9-4592-84C9-7C8F8454F8F9}.Ad-Hoc|Any CPU.Build.0 = Release|Any CPU
		{AE695FAE-11F9-4592-84C9-7C8F8454F8F9}.Ad-Hoc|iPhone.ActiveCfg = Release|Any CPU
		{AE695FAE-11F9-4592-84C9-7C8F8454F8F9}.Ad-Hoc|iPhone.Build.0 = Release|Any CPU
		{AE695FAE-11F9-4592-84C9-7C8F8454F8F9}.Ad-Hoc|iPhoneSimulator.ActiveCfg = Release|Any CPU
		{AE695FAE-11F9-4592-84C9-7C8F8454F8F9}.Ad-Hoc|iPhoneSimulator.Build.0 = Release|Any CPU
		{AE695FAE-11F9-4592-84C9-7C8F8454F8F9}.AppStore|Any CPU.ActiveCfg = Release|Any CPU
		{AE695FAE-11F9-4592-84C9-7C8F8454F8F9}.AppStore|Any CPU.Build.0 = Release|Any CPU
		{AE695FAE-11F9-4592-84C9-7C8F8454F8F9}.AppStore|iPhone.ActiveCfg = Release|Any CPU
		{AE695FAE-11F9-4592-84C9-7C8F8454F8F9}.AppStore|iPhone.Build.0 = Release|Any CPU
		{AE695FAE-11F9-4592-84C9-7C8F8454F8F9}.AppStore|iPhoneSimulator.ActiveCfg = Release|Any CPU
		{AE695FAE-11F9-4592-84C9-7C8F8454F8F9}.AppStore|iPhoneSimulator.Build.0 = Release|Any CPU
		{AE695FAE-11F9-4592-84C9-7C8F8454F8F9}.Debug|Any CPU.ActiveCfg = Debug|Any CPU
		{AE695FAE-11F9-4592-84C9-7C8F8454F8F9}.Debug|Any CPU.Build.0 = Debug|Any CPU
		{AE695FAE-11F9-4592-84C9-7C8F8454F8F9}.Debug|iPhone.ActiveCfg = Debug|Any CPU
		{AE695FAE-11F9-4592-84C9-7C8F8454F8F9}.Debug|iPhone.Build.0 = Debug|Any CPU
		{AE695FAE-11F9-4592-84C9-7C8F8454F8F9}.Debug|iPhoneSimulator.ActiveCfg = Debug|Any CPU
		{AE695FAE-11F9-4592-84C9-7C8F8454F8F9}.Debug|iPhoneSimulator.Build.0 = Debug|Any CPU
		{AE695FAE-11F9-4592-84C9-7C8F8454F8F9}.Release|Any CPU.ActiveCfg = Release|Any CPU
		{AE695FAE-11F9-4592-84C9-7C8F8454F8F9}.Release|Any CPU.Build.0 = Release|Any CPU
		{AE695FAE-11F9-4592-84C9-7C8F8454F8F9}.Release|iPhone.ActiveCfg = Release|Any CPU
		{AE695FAE-11F9-4592-84C9-7C8F8454F8F9}.Release|iPhone.Build.0 = Release|Any CPU
		{AE695FAE-11F9-4592-84C9-7C8F8454F8F9}.Release|iPhoneSimulator.ActiveCfg = Release|Any CPU
		{AE695FAE-11F9-4592-84C9-7C8F8454F8F9}.Release|iPhoneSimulator.Build.0 = Release|Any CPU
		{94B4293D-866B-497E-842B-AAA0E9D709C6}.Ad-Hoc|Any CPU.ActiveCfg = Release|Any CPU
		{94B4293D-866B-497E-842B-AAA0E9D709C6}.Ad-Hoc|Any CPU.Build.0 = Release|Any CPU
		{94B4293D-866B-497E-842B-AAA0E9D709C6}.Ad-Hoc|Any CPU.Deploy.0 = Release|Any CPU
		{94B4293D-866B-497E-842B-AAA0E9D709C6}.Ad-Hoc|iPhone.ActiveCfg = Release|Any CPU
		{94B4293D-866B-497E-842B-AAA0E9D709C6}.Ad-Hoc|iPhone.Build.0 = Release|Any CPU
		{94B4293D-866B-497E-842B-AAA0E9D709C6}.Ad-Hoc|iPhone.Deploy.0 = Release|Any CPU
		{94B4293D-866B-497E-842B-AAA0E9D709C6}.Ad-Hoc|iPhoneSimulator.ActiveCfg = Release|Any CPU
		{94B4293D-866B-497E-842B-AAA0E9D709C6}.Ad-Hoc|iPhoneSimulator.Build.0 = Release|Any CPU
		{94B4293D-866B-497E-842B-AAA0E9D709C6}.Ad-Hoc|iPhoneSimulator.Deploy.0 = Release|Any CPU
		{94B4293D-866B-497E-842B-AAA0E9D709C6}.AppStore|Any CPU.ActiveCfg = Release|Any CPU
		{94B4293D-866B-497E-842B-AAA0E9D709C6}.AppStore|Any CPU.Build.0 = Release|Any CPU
		{94B4293D-866B-497E-842B-AAA0E9D709C6}.AppStore|Any CPU.Deploy.0 = Release|Any CPU
		{94B4293D-866B-497E-842B-AAA0E9D709C6}.AppStore|iPhone.ActiveCfg = Release|Any CPU
		{94B4293D-866B-497E-842B-AAA0E9D709C6}.AppStore|iPhone.Build.0 = Release|Any CPU
		{94B4293D-866B-497E-842B-AAA0E9D709C6}.AppStore|iPhone.Deploy.0 = Release|Any CPU
		{94B4293D-866B-497E-842B-AAA0E9D709C6}.AppStore|iPhoneSimulator.ActiveCfg = Release|Any CPU
		{94B4293D-866B-497E-842B-AAA0E9D709C6}.AppStore|iPhoneSimulator.Build.0 = Release|Any CPU
		{94B4293D-866B-497E-842B-AAA0E9D709C6}.AppStore|iPhoneSimulator.Deploy.0 = Release|Any CPU
		{94B4293D-866B-497E-842B-AAA0E9D709C6}.Debug|Any CPU.ActiveCfg = Debug|Any CPU
		{94B4293D-866B-497E-842B-AAA0E9D709C6}.Debug|Any CPU.Build.0 = Debug|Any CPU
		{94B4293D-866B-497E-842B-AAA0E9D709C6}.Debug|Any CPU.Deploy.0 = Debug|Any CPU
		{94B4293D-866B-497E-842B-AAA0E9D709C6}.Debug|iPhone.ActiveCfg = Debug|Any CPU
		{94B4293D-866B-497E-842B-AAA0E9D709C6}.Debug|iPhone.Build.0 = Debug|Any CPU
		{94B4293D-866B-497E-842B-AAA0E9D709C6}.Debug|iPhone.Deploy.0 = Debug|Any CPU
		{94B4293D-866B-497E-842B-AAA0E9D709C6}.Debug|iPhoneSimulator.ActiveCfg = Debug|Any CPU
		{94B4293D-866B-497E-842B-AAA0E9D709C6}.Debug|iPhoneSimulator.Build.0 = Debug|Any CPU
		{94B4293D-866B-497E-842B-AAA0E9D709C6}.Debug|iPhoneSimulator.Deploy.0 = Debug|Any CPU
		{94B4293D-866B-497E-842B-AAA0E9D709C6}.Release|Any CPU.ActiveCfg = Release|Any CPU
		{94B4293D-866B-497E-842B-AAA0E9D709C6}.Release|Any CPU.Build.0 = Release|Any CPU
		{94B4293D-866B-497E-842B-AAA0E9D709C6}.Release|Any CPU.Deploy.0 = Release|Any CPU
		{94B4293D-866B-497E-842B-AAA0E9D709C6}.Release|iPhone.ActiveCfg = Release|Any CPU
		{94B4293D-866B-497E-842B-AAA0E9D709C6}.Release|iPhone.Build.0 = Release|Any CPU
		{94B4293D-866B-497E-842B-AAA0E9D709C6}.Release|iPhone.Deploy.0 = Release|Any CPU
		{94B4293D-866B-497E-842B-AAA0E9D709C6}.Release|iPhoneSimulator.ActiveCfg = Release|Any CPU
		{94B4293D-866B-497E-842B-AAA0E9D709C6}.Release|iPhoneSimulator.Build.0 = Release|Any CPU
		{94B4293D-866B-497E-842B-AAA0E9D709C6}.Release|iPhoneSimulator.Deploy.0 = Release|Any CPU
		{F34BA33D-3515-428A-A013-3C8E87D140B2}.Ad-Hoc|Any CPU.ActiveCfg = Ad-Hoc|iPhone
		{F34BA33D-3515-428A-A013-3C8E87D140B2}.Ad-Hoc|iPhone.ActiveCfg = Ad-Hoc|iPhone
		{F34BA33D-3515-428A-A013-3C8E87D140B2}.Ad-Hoc|iPhone.Build.0 = Ad-Hoc|iPhone
		{F34BA33D-3515-428A-A013-3C8E87D140B2}.Ad-Hoc|iPhoneSimulator.ActiveCfg = Ad-Hoc|iPhoneSimulator
		{F34BA33D-3515-428A-A013-3C8E87D140B2}.Ad-Hoc|iPhoneSimulator.Build.0 = Ad-Hoc|iPhoneSimulator
		{F34BA33D-3515-428A-A013-3C8E87D140B2}.AppStore|Any CPU.ActiveCfg = AppStore|iPhone
		{F34BA33D-3515-428A-A013-3C8E87D140B2}.AppStore|iPhone.ActiveCfg = AppStore|iPhone
		{F34BA33D-3515-428A-A013-3C8E87D140B2}.AppStore|iPhone.Build.0 = AppStore|iPhone
		{F34BA33D-3515-428A-A013-3C8E87D140B2}.AppStore|iPhoneSimulator.ActiveCfg = AppStore|iPhoneSimulator
		{F34BA33D-3515-428A-A013-3C8E87D140B2}.AppStore|iPhoneSimulator.Build.0 = AppStore|iPhoneSimulator
		{F34BA33D-3515-428A-A013-3C8E87D140B2}.Debug|Any CPU.ActiveCfg = Debug|iPhone
		{F34BA33D-3515-428A-A013-3C8E87D140B2}.Debug|iPhone.ActiveCfg = Debug|iPhone
		{F34BA33D-3515-428A-A013-3C8E87D140B2}.Debug|iPhone.Build.0 = Debug|iPhone
		{F34BA33D-3515-428A-A013-3C8E87D140B2}.Debug|iPhoneSimulator.ActiveCfg = Debug|iPhoneSimulator
		{F34BA33D-3515-428A-A013-3C8E87D140B2}.Debug|iPhoneSimulator.Build.0 = Debug|iPhoneSimulator
		{F34BA33D-3515-428A-A013-3C8E87D140B2}.Release|Any CPU.ActiveCfg = Release|iPhone
		{F34BA33D-3515-428A-A013-3C8E87D140B2}.Release|iPhone.ActiveCfg = Release|iPhone
		{F34BA33D-3515-428A-A013-3C8E87D140B2}.Release|iPhone.Build.0 = Release|iPhone
		{F34BA33D-3515-428A-A013-3C8E87D140B2}.Release|iPhoneSimulator.ActiveCfg = Release|iPhoneSimulator
		{F34BA33D-3515-428A-A013-3C8E87D140B2}.Release|iPhoneSimulator.Build.0 = Release|iPhoneSimulator
	EndGlobalSection
	GlobalSection(SolutionProperties) = preSolution
		HideSolutionNode = FALSE
	EndGlobalSection
EndGlobal
