
Microsoft Visual Studio Solution File, Format Version 12.00
# Visual Studio 14
VisualStudioVersion = 14.0.25420.1
MinimumVisualStudioVersion = 10.0.40219.1
Project("{FAE04EC0-301F-11D3-BF4B-00C04F79EFBC}") = "XamarinFormsPractice.Android", "XamarinFormsPractice\XamarinFormsPractice.Android\XamarinFormsPractice.Android.csproj", "{32DCE52B-8FEA-4D63-A586-A2E50FD4295E}"
EndProject
Project("{FAE04EC0-301F-11D3-BF4B-00C04F79EFBC}") = "XamarinFormsPractice", "XamarinFormsPractice\XamarinFormsPractice\XamarinFormsPractice.csproj", "{8D4B9F85-20D0-4168-BF3C-A795CE2AEF1F}"
EndProject
Project("{FAE04EC0-301F-11D3-BF4B-00C04F79EFBC}") = "XamarinFormsPractice.UWP", "XamarinFormsPractice\XamarinFormsPractice.UWP\XamarinFormsPractice.UWP.csproj", "{9B959662-A876-4A5D-A3C6-0A46DAF08321}"
EndProject
Project("{FAE04EC0-301F-11D3-BF4B-00C04F79EFBC}") = "XamarinFormsPractice.iOS", "XamarinFormsPractice\XamarinFormsPractice.iOS\XamarinFormsPractice.iOS.csproj", "{65383E5D-401F-4E61-AE8C-C064101CBDBA}"
EndProject
Global
	GlobalSection(SolutionConfigurationPlatforms) = preSolution
		Ad-Hoc|Any CPU = Ad-Hoc|Any CPU
		Ad-Hoc|ARM = Ad-Hoc|ARM
		Ad-Hoc|iPhone = Ad-Hoc|iPhone
		Ad-Hoc|iPhoneSimulator = Ad-Hoc|iPhoneSimulator
		Ad-Hoc|x64 = Ad-Hoc|x64
		Ad-Hoc|x86 = Ad-Hoc|x86
		AppStore|Any CPU = AppStore|Any CPU
		AppStore|ARM = AppStore|ARM
		AppStore|iPhone = AppStore|iPhone
		AppStore|iPhoneSimulator = AppStore|iPhoneSimulator
		AppStore|x64 = AppStore|x64
		AppStore|x86 = AppStore|x86
		Debug|Any CPU = Debug|Any CPU
		Debug|ARM = Debug|ARM
		Debug|iPhone = Debug|iPhone
		Debug|iPhoneSimulator = Debug|iPhoneSimulator
		Debug|x64 = Debug|x64
		Debug|x86 = Debug|x86
		Release|Any CPU = Release|Any CPU
		Release|ARM = Release|ARM
		Release|iPhone = Release|iPhone
		Release|iPhoneSimulator = Release|iPhoneSimulator
		Release|x64 = Release|x64
		Release|x86 = Release|x86
	EndGlobalSection
	GlobalSection(ProjectConfigurationPlatforms) = postSolution
		{32DCE52B-8FEA-4D63-A586-A2E50FD4295E}.Ad-Hoc|Any CPU.ActiveCfg = Release|Any CPU
		{32DCE52B-8FEA-4D63-A586-A2E50FD4295E}.Ad-Hoc|Any CPU.Build.0 = Release|Any CPU
		{32DCE52B-8FEA-4D63-A586-A2E50FD4295E}.Ad-Hoc|Any CPU.Deploy.0 = Release|Any CPU
		{32DCE52B-8FEA-4D63-A586-A2E50FD4295E}.Ad-Hoc|ARM.ActiveCfg = Release|Any CPU
		{32DCE52B-8FEA-4D63-A586-A2E50FD4295E}.Ad-Hoc|ARM.Build.0 = Release|Any CPU
		{32DCE52B-8FEA-4D63-A586-A2E50FD4295E}.Ad-Hoc|ARM.Deploy.0 = Release|Any CPU
		{32DCE52B-8FEA-4D63-A586-A2E50FD4295E}.Ad-Hoc|iPhone.ActiveCfg = Release|Any CPU
		{32DCE52B-8FEA-4D63-A586-A2E50FD4295E}.Ad-Hoc|iPhone.Build.0 = Release|Any CPU
		{32DCE52B-8FEA-4D63-A586-A2E50FD4295E}.Ad-Hoc|iPhone.Deploy.0 = Release|Any CPU
		{32DCE52B-8FEA-4D63-A586-A2E50FD4295E}.Ad-Hoc|iPhoneSimulator.ActiveCfg = Release|Any CPU
		{32DCE52B-8FEA-4D63-A586-A2E50FD4295E}.Ad-Hoc|iPhoneSimulator.Build.0 = Release|Any CPU
		{32DCE52B-8FEA-4D63-A586-A2E50FD4295E}.Ad-Hoc|iPhoneSimulator.Deploy.0 = Release|Any CPU
		{32DCE52B-8FEA-4D63-A586-A2E50FD4295E}.Ad-Hoc|x64.ActiveCfg = Release|Any CPU
		{32DCE52B-8FEA-4D63-A586-A2E50FD4295E}.Ad-Hoc|x64.Build.0 = Release|Any CPU
		{32DCE52B-8FEA-4D63-A586-A2E50FD4295E}.Ad-Hoc|x64.Deploy.0 = Release|Any CPU
		{32DCE52B-8FEA-4D63-A586-A2E50FD4295E}.Ad-Hoc|x86.ActiveCfg = Release|Any CPU
		{32DCE52B-8FEA-4D63-A586-A2E50FD4295E}.Ad-Hoc|x86.Build.0 = Release|Any CPU
		{32DCE52B-8FEA-4D63-A586-A2E50FD4295E}.Ad-Hoc|x86.Deploy.0 = Release|Any CPU
		{32DCE52B-8FEA-4D63-A586-A2E50FD4295E}.AppStore|Any CPU.ActiveCfg = Release|Any CPU
		{32DCE52B-8FEA-4D63-A586-A2E50FD4295E}.AppStore|Any CPU.Build.0 = Release|Any CPU
		{32DCE52B-8FEA-4D63-A586-A2E50FD4295E}.AppStore|Any CPU.Deploy.0 = Release|Any CPU
		{32DCE52B-8FEA-4D63-A586-A2E50FD4295E}.AppStore|ARM.ActiveCfg = Release|Any CPU
		{32DCE52B-8FEA-4D63-A586-A2E50FD4295E}.AppStore|ARM.Build.0 = Release|Any CPU
		{32DCE52B-8FEA-4D63-A586-A2E50FD4295E}.AppStore|ARM.Deploy.0 = Release|Any CPU
		{32DCE52B-8FEA-4D63-A586-A2E50FD4295E}.AppStore|iPhone.ActiveCfg = Release|Any CPU
		{32DCE52B-8FEA-4D63-A586-A2E50FD4295E}.AppStore|iPhone.Build.0 = Release|Any CPU
		{32DCE52B-8FEA-4D63-A586-A2E50FD4295E}.AppStore|iPhone.Deploy.0 = Release|Any CPU
		{32DCE52B-8FEA-4D63-A586-A2E50FD4295E}.AppStore|iPhoneSimulator.ActiveCfg = Release|Any CPU
		{32DCE52B-8FEA-4D63-A586-A2E50FD4295E}.AppStore|iPhoneSimulator.Build.0 = Release|Any CPU
		{32DCE52B-8FEA-4D63-A586-A2E50FD4295E}.AppStore|iPhoneSimulator.Deploy.0 = Release|Any CPU
		{32DCE52B-8FEA-4D63-A586-A2E50FD4295E}.AppStore|x64.ActiveCfg = Release|Any CPU
		{32DCE52B-8FEA-4D63-A586-A2E50FD4295E}.AppStore|x64.Build.0 = Release|Any CPU
		{32DCE52B-8FEA-4D63-A586-A2E50FD4295E}.AppStore|x64.Deploy.0 = Release|Any CPU
		{32DCE52B-8FEA-4D63-A586-A2E50FD4295E}.AppStore|x86.ActiveCfg = Release|Any CPU
		{32DCE52B-8FEA-4D63-A586-A2E50FD4295E}.AppStore|x86.Build.0 = Release|Any CPU
		{32DCE52B-8FEA-4D63-A586-A2E50FD4295E}.AppStore|x86.Deploy.0 = Release|Any CPU
		{32DCE52B-8FEA-4D63-A586-A2E50FD4295E}.Debug|Any CPU.ActiveCfg = Debug|Any CPU
		{32DCE52B-8FEA-4D63-A586-A2E50FD4295E}.Debug|Any CPU.Build.0 = Debug|Any CPU
		{32DCE52B-8FEA-4D63-A586-A2E50FD4295E}.Debug|Any CPU.Deploy.0 = Debug|Any CPU
		{32DCE52B-8FEA-4D63-A586-A2E50FD4295E}.Debug|ARM.ActiveCfg = Debug|Any CPU
		{32DCE52B-8FEA-4D63-A586-A2E50FD4295E}.Debug|ARM.Build.0 = Debug|Any CPU
		{32DCE52B-8FEA-4D63-A586-A2E50FD4295E}.Debug|ARM.Deploy.0 = Debug|Any CPU
		{32DCE52B-8FEA-4D63-A586-A2E50FD4295E}.Debug|iPhone.ActiveCfg = Debug|Any CPU
		{32DCE52B-8FEA-4D63-A586-A2E50FD4295E}.Debug|iPhone.Build.0 = Debug|Any CPU
		{32DCE52B-8FEA-4D63-A586-A2E50FD4295E}.Debug|iPhone.Deploy.0 = Debug|Any CPU
		{32DCE52B-8FEA-4D63-A586-A2E50FD4295E}.Debug|iPhoneSimulator.ActiveCfg = Debug|Any CPU
		{32DCE52B-8FEA-4D63-A586-A2E50FD4295E}.Debug|iPhoneSimulator.Build.0 = Debug|Any CPU
		{32DCE52B-8FEA-4D63-A586-A2E50FD4295E}.Debug|iPhoneSimulator.Deploy.0 = Debug|Any CPU
		{32DCE52B-8FEA-4D63-A586-A2E50FD4295E}.Debug|x64.ActiveCfg = Debug|Any CPU
		{32DCE52B-8FEA-4D63-A586-A2E50FD4295E}.Debug|x64.Build.0 = Debug|Any CPU
		{32DCE52B-8FEA-4D63-A586-A2E50FD4295E}.Debug|x64.Deploy.0 = Debug|Any CPU
		{32DCE52B-8FEA-4D63-A586-A2E50FD4295E}.Debug|x86.ActiveCfg = Debug|Any CPU
		{32DCE52B-8FEA-4D63-A586-A2E50FD4295E}.Debug|x86.Build.0 = Debug|Any CPU
		{32DCE52B-8FEA-4D63-A586-A2E50FD4295E}.Debug|x86.Deploy.0 = Debug|Any CPU
		{32DCE52B-8FEA-4D63-A586-A2E50FD4295E}.Release|Any CPU.ActiveCfg = Release|Any CPU
		{32DCE52B-8FEA-4D63-A586-A2E50FD4295E}.Release|Any CPU.Build.0 = Release|Any CPU
		{32DCE52B-8FEA-4D63-A586-A2E50FD4295E}.Release|Any CPU.Deploy.0 = Release|Any CPU
		{32DCE52B-8FEA-4D63-A586-A2E50FD4295E}.Release|ARM.ActiveCfg = Release|Any CPU
		{32DCE52B-8FEA-4D63-A586-A2E50FD4295E}.Release|ARM.Build.0 = Release|Any CPU
		{32DCE52B-8FEA-4D63-A586-A2E50FD4295E}.Release|ARM.Deploy.0 = Release|Any CPU
		{32DCE52B-8FEA-4D63-A586-A2E50FD4295E}.Release|iPhone.ActiveCfg = Release|Any CPU
		{32DCE52B-8FEA-4D63-A586-A2E50FD4295E}.Release|iPhone.Build.0 = Release|Any CPU
		{32DCE52B-8FEA-4D63-A586-A2E50FD4295E}.Release|iPhone.Deploy.0 = Release|Any CPU
		{32DCE52B-8FEA-4D63-A586-A2E50FD4295E}.Release|iPhoneSimulator.ActiveCfg = Release|Any CPU
		{32DCE52B-8FEA-4D63-A586-A2E50FD4295E}.Release|iPhoneSimulator.Build.0 = Release|Any CPU
		{32DCE52B-8FEA-4D63-A586-A2E50FD4295E}.Release|iPhoneSimulator.Deploy.0 = Release|Any CPU
		{32DCE52B-8FEA-4D63-A586-A2E50FD4295E}.Release|x64.ActiveCfg = Release|Any CPU
		{32DCE52B-8FEA-4D63-A586-A2E50FD4295E}.Release|x64.Build.0 = Release|Any CPU
		{32DCE52B-8FEA-4D63-A586-A2E50FD4295E}.Release|x64.Deploy.0 = Release|Any CPU
		{32DCE52B-8FEA-4D63-A586-A2E50FD4295E}.Release|x86.ActiveCfg = Release|Any CPU
		{32DCE52B-8FEA-4D63-A586-A2E50FD4295E}.Release|x86.Build.0 = Release|Any CPU
		{32DCE52B-8FEA-4D63-A586-A2E50FD4295E}.Release|x86.Deploy.0 = Release|Any CPU
		{8D4B9F85-20D0-4168-BF3C-A795CE2AEF1F}.Ad-Hoc|Any CPU.ActiveCfg = Release|Any CPU
		{8D4B9F85-20D0-4168-BF3C-A795CE2AEF1F}.Ad-Hoc|Any CPU.Build.0 = Release|Any CPU
		{8D4B9F85-20D0-4168-BF3C-A795CE2AEF1F}.Ad-Hoc|ARM.ActiveCfg = Release|Any CPU
		{8D4B9F85-20D0-4168-BF3C-A795CE2AEF1F}.Ad-Hoc|ARM.Build.0 = Release|Any CPU
		{8D4B9F85-20D0-4168-BF3C-A795CE2AEF1F}.Ad-Hoc|iPhone.ActiveCfg = Release|Any CPU
		{8D4B9F85-20D0-4168-BF3C-A795CE2AEF1F}.Ad-Hoc|iPhone.Build.0 = Release|Any CPU
		{8D4B9F85-20D0-4168-BF3C-A795CE2AEF1F}.Ad-Hoc|iPhoneSimulator.ActiveCfg = Release|Any CPU
		{8D4B9F85-20D0-4168-BF3C-A795CE2AEF1F}.Ad-Hoc|iPhoneSimulator.Build.0 = Release|Any CPU
		{8D4B9F85-20D0-4168-BF3C-A795CE2AEF1F}.Ad-Hoc|x64.ActiveCfg = Release|Any CPU
		{8D4B9F85-20D0-4168-BF3C-A795CE2AEF1F}.Ad-Hoc|x64.Build.0 = Release|Any CPU
		{8D4B9F85-20D0-4168-BF3C-A795CE2AEF1F}.Ad-Hoc|x86.ActiveCfg = Release|Any CPU
		{8D4B9F85-20D0-4168-BF3C-A795CE2AEF1F}.Ad-Hoc|x86.Build.0 = Release|Any CPU
		{8D4B9F85-20D0-4168-BF3C-A795CE2AEF1F}.AppStore|Any CPU.ActiveCfg = Release|Any CPU
		{8D4B9F85-20D0-4168-BF3C-A795CE2AEF1F}.AppStore|Any CPU.Build.0 = Release|Any CPU
		{8D4B9F85-20D0-4168-BF3C-A795CE2AEF1F}.AppStore|ARM.ActiveCfg = Release|Any CPU
		{8D4B9F85-20D0-4168-BF3C-A795CE2AEF1F}.AppStore|ARM.Build.0 = Release|Any CPU
		{8D4B9F85-20D0-4168-BF3C-A795CE2AEF1F}.AppStore|iPhone.ActiveCfg = Release|Any CPU
		{8D4B9F85-20D0-4168-BF3C-A795CE2AEF1F}.AppStore|iPhone.Build.0 = Release|Any CPU
		{8D4B9F85-20D0-4168-BF3C-A795CE2AEF1F}.AppStore|iPhoneSimulator.ActiveCfg = Release|Any CPU
		{8D4B9F85-20D0-4168-BF3C-A795CE2AEF1F}.AppStore|iPhoneSimulator.Build.0 = Release|Any CPU
		{8D4B9F85-20D0-4168-BF3C-A795CE2AEF1F}.AppStore|x64.ActiveCfg = Release|Any CPU
		{8D4B9F85-20D0-4168-BF3C-A795CE2AEF1F}.AppStore|x64.Build.0 = Release|Any CPU
		{8D4B9F85-20D0-4168-BF3C-A795CE2AEF1F}.AppStore|x86.ActiveCfg = Release|Any CPU
		{8D4B9F85-20D0-4168-BF3C-A795CE2AEF1F}.AppStore|x86.Build.0 = Release|Any CPU
		{8D4B9F85-20D0-4168-BF3C-A795CE2AEF1F}.Debug|Any CPU.ActiveCfg = Debug|Any CPU
		{8D4B9F85-20D0-4168-BF3C-A795CE2AEF1F}.Debug|Any CPU.Build.0 = Debug|Any CPU
		{8D4B9F85-20D0-4168-BF3C-A795CE2AEF1F}.Debug|ARM.ActiveCfg = Debug|Any CPU
		{8D4B9F85-20D0-4168-BF3C-A795CE2AEF1F}.Debug|ARM.Build.0 = Debug|Any CPU
		{8D4B9F85-20D0-4168-BF3C-A795CE2AEF1F}.Debug|iPhone.ActiveCfg = Debug|Any CPU
		{8D4B9F85-20D0-4168-BF3C-A795CE2AEF1F}.Debug|iPhone.Build.0 = Debug|Any CPU
		{8D4B9F85-20D0-4168-BF3C-A795CE2AEF1F}.Debug|iPhoneSimulator.ActiveCfg = Debug|Any CPU
		{8D4B9F85-20D0-4168-BF3C-A795CE2AEF1F}.Debug|iPhoneSimulator.Build.0 = Debug|Any CPU
		{8D4B9F85-20D0-4168-BF3C-A795CE2AEF1F}.Debug|x64.ActiveCfg = Debug|Any CPU
		{8D4B9F85-20D0-4168-BF3C-A795CE2AEF1F}.Debug|x64.Build.0 = Debug|Any CPU
		{8D4B9F85-20D0-4168-BF3C-A795CE2AEF1F}.Debug|x86.ActiveCfg = Debug|Any CPU
		{8D4B9F85-20D0-4168-BF3C-A795CE2AEF1F}.Debug|x86.Build.0 = Debug|Any CPU
		{8D4B9F85-20D0-4168-BF3C-A795CE2AEF1F}.Release|Any CPU.ActiveCfg = Release|Any CPU
		{8D4B9F85-20D0-4168-BF3C-A795CE2AEF1F}.Release|Any CPU.Build.0 = Release|Any CPU
		{8D4B9F85-20D0-4168-BF3C-A795CE2AEF1F}.Release|ARM.ActiveCfg = Release|Any CPU
		{8D4B9F85-20D0-4168-BF3C-A795CE2AEF1F}.Release|ARM.Build.0 = Release|Any CPU
		{8D4B9F85-20D0-4168-BF3C-A795CE2AEF1F}.Release|iPhone.ActiveCfg = Release|Any CPU
		{8D4B9F85-20D0-4168-BF3C-A795CE2AEF1F}.Release|iPhone.Build.0 = Release|Any CPU
		{8D4B9F85-20D0-4168-BF3C-A795CE2AEF1F}.Release|iPhoneSimulator.ActiveCfg = Release|Any CPU
		{8D4B9F85-20D0-4168-BF3C-A795CE2AEF1F}.Release|iPhoneSimulator.Build.0 = Release|Any CPU
		{8D4B9F85-20D0-4168-BF3C-A795CE2AEF1F}.Release|x64.ActiveCfg = Release|Any CPU
		{8D4B9F85-20D0-4168-BF3C-A795CE2AEF1F}.Release|x64.Build.0 = Release|Any CPU
		{8D4B9F85-20D0-4168-BF3C-A795CE2AEF1F}.Release|x86.ActiveCfg = Release|Any CPU
		{8D4B9F85-20D0-4168-BF3C-A795CE2AEF1F}.Release|x86.Build.0 = Release|Any CPU
		{9B959662-A876-4A5D-A3C6-0A46DAF08321}.Ad-Hoc|Any CPU.ActiveCfg = Release|x86
		{9B959662-A876-4A5D-A3C6-0A46DAF08321}.Ad-Hoc|Any CPU.Build.0 = Release|x86
		{9B959662-A876-4A5D-A3C6-0A46DAF08321}.Ad-Hoc|Any CPU.Deploy.0 = Release|x86
		{9B959662-A876-4A5D-A3C6-0A46DAF08321}.Ad-Hoc|ARM.ActiveCfg = Release|ARM
		{9B959662-A876-4A5D-A3C6-0A46DAF08321}.Ad-Hoc|ARM.Build.0 = Release|ARM
		{9B959662-A876-4A5D-A3C6-0A46DAF08321}.Ad-Hoc|ARM.Deploy.0 = Release|ARM
		{9B959662-A876-4A5D-A3C6-0A46DAF08321}.Ad-Hoc|iPhone.ActiveCfg = Release|x86
		{9B959662-A876-4A5D-A3C6-0A46DAF08321}.Ad-Hoc|iPhone.Build.0 = Release|x86
		{9B959662-A876-4A5D-A3C6-0A46DAF08321}.Ad-Hoc|iPhone.Deploy.0 = Release|x86
		{9B959662-A876-4A5D-A3C6-0A46DAF08321}.Ad-Hoc|iPhoneSimulator.ActiveCfg = Release|x86
		{9B959662-A876-4A5D-A3C6-0A46DAF08321}.Ad-Hoc|iPhoneSimulator.Build.0 = Release|x86
		{9B959662-A876-4A5D-A3C6-0A46DAF08321}.Ad-Hoc|iPhoneSimulator.Deploy.0 = Release|x86
		{9B959662-A876-4A5D-A3C6-0A46DAF08321}.Ad-Hoc|x64.ActiveCfg = Release|x64
		{9B959662-A876-4A5D-A3C6-0A46DAF08321}.Ad-Hoc|x64.Build.0 = Release|x64
		{9B959662-A876-4A5D-A3C6-0A46DAF08321}.Ad-Hoc|x64.Deploy.0 = Release|x64
		{9B959662-A876-4A5D-A3C6-0A46DAF08321}.Ad-Hoc|x86.ActiveCfg = Release|x86
		{9B959662-A876-4A5D-A3C6-0A46DAF08321}.Ad-Hoc|x86.Build.0 = Release|x86
		{9B959662-A876-4A5D-A3C6-0A46DAF08321}.Ad-Hoc|x86.Deploy.0 = Release|x86
		{9B959662-A876-4A5D-A3C6-0A46DAF08321}.AppStore|Any CPU.ActiveCfg = Release|x86
		{9B959662-A876-4A5D-A3C6-0A46DAF08321}.AppStore|Any CPU.Build.0 = Release|x86
		{9B959662-A876-4A5D-A3C6-0A46DAF08321}.AppStore|Any CPU.Deploy.0 = Release|x86
		{9B959662-A876-4A5D-A3C6-0A46DAF08321}.AppStore|ARM.ActiveCfg = Release|ARM
		{9B959662-A876-4A5D-A3C6-0A46DAF08321}.AppStore|ARM.Build.0 = Release|ARM
		{9B959662-A876-4A5D-A3C6-0A46DAF08321}.AppStore|ARM.Deploy.0 = Release|ARM
		{9B959662-A876-4A5D-A3C6-0A46DAF08321}.AppStore|iPhone.ActiveCfg = Release|x86
		{9B959662-A876-4A5D-A3C6-0A46DAF08321}.AppStore|iPhone.Build.0 = Release|x86
		{9B959662-A876-4A5D-A3C6-0A46DAF08321}.AppStore|iPhone.Deploy.0 = Release|x86
		{9B959662-A876-4A5D-A3C6-0A46DAF08321}.AppStore|iPhoneSimulator.ActiveCfg = Release|x86
		{9B959662-A876-4A5D-A3C6-0A46DAF08321}.AppStore|iPhoneSimulator.Build.0 = Release|x86
		{9B959662-A876-4A5D-A3C6-0A46DAF08321}.AppStore|iPhoneSimulator.Deploy.0 = Release|x86
		{9B959662-A876-4A5D-A3C6-0A46DAF08321}.AppStore|x64.ActiveCfg = Release|x64
		{9B959662-A876-4A5D-A3C6-0A46DAF08321}.AppStore|x64.Build.0 = Release|x64
		{9B959662-A876-4A5D-A3C6-0A46DAF08321}.AppStore|x64.Deploy.0 = Release|x64
		{9B959662-A876-4A5D-A3C6-0A46DAF08321}.AppStore|x86.ActiveCfg = Release|x86
		{9B959662-A876-4A5D-A3C6-0A46DAF08321}.AppStore|x86.Build.0 = Release|x86
		{9B959662-A876-4A5D-A3C6-0A46DAF08321}.AppStore|x86.Deploy.0 = Release|x86
		{9B959662-A876-4A5D-A3C6-0A46DAF08321}.Debug|Any CPU.ActiveCfg = Debug|x86
		{9B959662-A876-4A5D-A3C6-0A46DAF08321}.Debug|ARM.ActiveCfg = Debug|ARM
		{9B959662-A876-4A5D-A3C6-0A46DAF08321}.Debug|ARM.Build.0 = Debug|ARM
		{9B959662-A876-4A5D-A3C6-0A46DAF08321}.Debug|ARM.Deploy.0 = Debug|ARM
		{9B959662-A876-4A5D-A3C6-0A46DAF08321}.Debug|iPhone.ActiveCfg = Debug|x86
		{9B959662-A876-4A5D-A3C6-0A46DAF08321}.Debug|iPhoneSimulator.ActiveCfg = Debug|x86
		{9B959662-A876-4A5D-A3C6-0A46DAF08321}.Debug|x64.ActiveCfg = Debug|x64
		{9B959662-A876-4A5D-A3C6-0A46DAF08321}.Debug|x64.Build.0 = Debug|x64
		{9B959662-A876-4A5D-A3C6-0A46DAF08321}.Debug|x64.Deploy.0 = Debug|x64
		{9B959662-A876-4A5D-A3C6-0A46DAF08321}.Debug|x86.ActiveCfg = Debug|x86
		{9B959662-A876-4A5D-A3C6-0A46DAF08321}.Debug|x86.Build.0 = Debug|x86
		{9B959662-A876-4A5D-A3C6-0A46DAF08321}.Debug|x86.Deploy.0 = Debug|x86
		{9B959662-A876-4A5D-A3C6-0A46DAF08321}.Release|Any CPU.ActiveCfg = Release|x86
		{9B959662-A876-4A5D-A3C6-0A46DAF08321}.Release|ARM.ActiveCfg = Release|ARM
		{9B959662-A876-4A5D-A3C6-0A46DAF08321}.Release|ARM.Build.0 = Release|ARM
		{9B959662-A876-4A5D-A3C6-0A46DAF08321}.Release|ARM.Deploy.0 = Release|ARM
		{9B959662-A876-4A5D-A3C6-0A46DAF08321}.Release|iPhone.ActiveCfg = Release|x86
		{9B959662-A876-4A5D-A3C6-0A46DAF08321}.Release|iPhoneSimulator.ActiveCfg = Release|x86
		{9B959662-A876-4A5D-A3C6-0A46DAF08321}.Release|x64.ActiveCfg = Release|x64
		{9B959662-A876-4A5D-A3C6-0A46DAF08321}.Release|x64.Build.0 = Release|x64
		{9B959662-A876-4A5D-A3C6-0A46DAF08321}.Release|x64.Deploy.0 = Release|x64
		{9B959662-A876-4A5D-A3C6-0A46DAF08321}.Release|x86.ActiveCfg = Release|x86
		{9B959662-A876-4A5D-A3C6-0A46DAF08321}.Release|x86.Build.0 = Release|x86
		{9B959662-A876-4A5D-A3C6-0A46DAF08321}.Release|x86.Deploy.0 = Release|x86
		{65383E5D-401F-4E61-AE8C-C064101CBDBA}.Ad-Hoc|Any CPU.ActiveCfg = Ad-Hoc|iPhone
		{65383E5D-401F-4E61-AE8C-C064101CBDBA}.Ad-Hoc|ARM.ActiveCfg = Ad-Hoc|iPhone
		{65383E5D-401F-4E61-AE8C-C064101CBDBA}.Ad-Hoc|iPhone.ActiveCfg = Ad-Hoc|iPhone
		{65383E5D-401F-4E61-AE8C-C064101CBDBA}.Ad-Hoc|iPhone.Build.0 = Ad-Hoc|iPhone
		{65383E5D-401F-4E61-AE8C-C064101CBDBA}.Ad-Hoc|iPhoneSimulator.ActiveCfg = Ad-Hoc|iPhoneSimulator
		{65383E5D-401F-4E61-AE8C-C064101CBDBA}.Ad-Hoc|iPhoneSimulator.Build.0 = Ad-Hoc|iPhoneSimulator
		{65383E5D-401F-4E61-AE8C-C064101CBDBA}.Ad-Hoc|x64.ActiveCfg = Ad-Hoc|iPhone
		{65383E5D-401F-4E61-AE8C-C064101CBDBA}.Ad-Hoc|x86.ActiveCfg = Ad-Hoc|iPhone
		{65383E5D-401F-4E61-AE8C-C064101CBDBA}.AppStore|Any CPU.ActiveCfg = AppStore|iPhone
		{65383E5D-401F-4E61-AE8C-C064101CBDBA}.AppStore|ARM.ActiveCfg = AppStore|iPhone
		{65383E5D-401F-4E61-AE8C-C064101CBDBA}.AppStore|iPhone.ActiveCfg = AppStore|iPhone
		{65383E5D-401F-4E61-AE8C-C064101CBDBA}.AppStore|iPhone.Build.0 = AppStore|iPhone
		{65383E5D-401F-4E61-AE8C-C064101CBDBA}.AppStore|iPhoneSimulator.ActiveCfg = AppStore|iPhoneSimulator
		{65383E5D-401F-4E61-AE8C-C064101CBDBA}.AppStore|iPhoneSimulator.Build.0 = AppStore|iPhoneSimulator
		{65383E5D-401F-4E61-AE8C-C064101CBDBA}.AppStore|x64.ActiveCfg = AppStore|iPhone
		{65383E5D-401F-4E61-AE8C-C064101CBDBA}.AppStore|x86.ActiveCfg = AppStore|iPhone
		{65383E5D-401F-4E61-AE8C-C064101CBDBA}.Debug|Any CPU.ActiveCfg = Debug|iPhone
		{65383E5D-401F-4E61-AE8C-C064101CBDBA}.Debug|ARM.ActiveCfg = Debug|iPhone
		{65383E5D-401F-4E61-AE8C-C064101CBDBA}.Debug|iPhone.ActiveCfg = Debug|iPhone
		{65383E5D-401F-4E61-AE8C-C064101CBDBA}.Debug|iPhone.Build.0 = Debug|iPhone
		{65383E5D-401F-4E61-AE8C-C064101CBDBA}.Debug|iPhoneSimulator.ActiveCfg = Debug|iPhoneSimulator
		{65383E5D-401F-4E61-AE8C-C064101CBDBA}.Debug|iPhoneSimulator.Build.0 = Debug|iPhoneSimulator
		{65383E5D-401F-4E61-AE8C-C064101CBDBA}.Debug|x64.ActiveCfg = Debug|iPhone
		{65383E5D-401F-4E61-AE8C-C064101CBDBA}.Debug|x86.ActiveCfg = Debug|iPhone
		{65383E5D-401F-4E61-AE8C-C064101CBDBA}.Release|Any CPU.ActiveCfg = Release|iPhone
		{65383E5D-401F-4E61-AE8C-C064101CBDBA}.Release|ARM.ActiveCfg = Release|iPhone
		{65383E5D-401F-4E61-AE8C-C064101CBDBA}.Release|iPhone.ActiveCfg = Release|iPhone
		{65383E5D-401F-4E61-AE8C-C064101CBDBA}.Release|iPhone.Build.0 = Release|iPhone
		{65383E5D-401F-4E61-AE8C-C064101CBDBA}.Release|iPhoneSimulator.ActiveCfg = Release|iPhoneSimulator
		{65383E5D-401F-4E61-AE8C-C064101CBDBA}.Release|iPhoneSimulator.Build.0 = Release|iPhoneSimulator
		{65383E5D-401F-4E61-AE8C-C064101CBDBA}.Release|x64.ActiveCfg = Release|iPhone
		{65383E5D-401F-4E61-AE8C-C064101CBDBA}.Release|x86.ActiveCfg = Release|iPhone
	EndGlobalSection
	GlobalSection(SolutionProperties) = preSolution
		HideSolutionNode = FALSE
	EndGlobalSection
EndGlobal
