
Microsoft Visual Studio Solution File, Format Version 12.00
# Visual Studio 14
VisualStudioVersion = 14.0.25420.1
MinimumVisualStudioVersion = 10.0.40219.1
Project("{FAE04EC0-301F-11D3-BF4B-00C04F79EFBC}") = "AttachedPropertyPractice", "AttachedPropertyPractice\AttachedPropertyPractice\AttachedPropertyPractice.csproj", "{4D5E25EE-D3F2-4FD7-BC6B-D755F4DAF8F7}"
EndProject
Project("{FAE04EC0-301F-11D3-BF4B-00C04F79EFBC}") = "AttachedPropertyPractice.Droid", "AttachedPropertyPractice\AttachedPropertyPractice.Droid\AttachedPropertyPractice.Droid.csproj", "{C4FCE4AF-5C07-4241-9703-FA52C615A97A}"
EndProject
Project("{FAE04EC0-301F-11D3-BF4B-00C04F79EFBC}") = "AttachedPropertyPractice.iOS", "AttachedPropertyPractice\AttachedPropertyPractice.iOS\AttachedPropertyPractice.iOS.csproj", "{1C902E11-8B6B-45ED-95A4-21C04AC94726}"
EndProject
Global
	GlobalSection(SolutionConfigurationPlatforms) = preSolution
		Ad-Hoc|Any CPU = Ad-Hoc|Any CPU
		Ad-Hoc|iPhone = Ad-Hoc|iPhone
		Ad-Hoc|iPhoneSimulator = Ad-Hoc|iPhoneSimulator
		AppStore|Any CPU = AppStore|Any CPU
		AppStore|iPhone = AppStore|iPhone
		AppStore|iPhoneSimulator = AppStore|iPhoneSimulator
		Debug|Any CPU = Debug|Any CPU
		Debug|iPhone = Debug|iPhone
		Debug|iPhoneSimulator = Debug|iPhoneSimulator
		Release|Any CPU = Release|Any CPU
		Release|iPhone = Release|iPhone
		Release|iPhoneSimulator = Release|iPhoneSimulator
	EndGlobalSection
	GlobalSection(ProjectConfigurationPlatforms) = postSolution
		{4D5E25EE-D3F2-4FD7-BC6B-D755F4DAF8F7}.Ad-Hoc|Any CPU.ActiveCfg = Release|Any CPU
		{4D5E25EE-D3F2-4FD7-BC6B-D755F4DAF8F7}.Ad-Hoc|Any CPU.Build.0 = Release|Any CPU
		{4D5E25EE-D3F2-4FD7-BC6B-D755F4DAF8F7}.Ad-Hoc|iPhone.ActiveCfg = Release|Any CPU
		{4D5E25EE-D3F2-4FD7-BC6B-D755F4DAF8F7}.Ad-Hoc|iPhone.Build.0 = Release|Any CPU
		{4D5E25EE-D3F2-4FD7-BC6B-D755F4DAF8F7}.Ad-Hoc|iPhoneSimulator.ActiveCfg = Release|Any CPU
		{4D5E25EE-D3F2-4FD7-BC6B-D755F4DAF8F7}.Ad-Hoc|iPhoneSimulator.Build.0 = Release|Any CPU
		{4D5E25EE-D3F2-4FD7-BC6B-D755F4DAF8F7}.AppStore|Any CPU.ActiveCfg = Release|Any CPU
		{4D5E25EE-D3F2-4FD7-BC6B-D755F4DAF8F7}.AppStore|Any CPU.Build.0 = Release|Any CPU
		{4D5E25EE-D3F2-4FD7-BC6B-D755F4DAF8F7}.AppStore|iPhone.ActiveCfg = Release|Any CPU
		{4D5E25EE-D3F2-4FD7-BC6B-D755F4DAF8F7}.AppStore|iPhone.Build.0 = Release|Any CPU
		{4D5E25EE-D3F2-4FD7-BC6B-D755F4DAF8F7}.AppStore|iPhoneSimulator.ActiveCfg = Release|Any CPU
		{4D5E25EE-D3F2-4FD7-BC6B-D755F4DAF8F7}.AppStore|iPhoneSimulator.Build.0 = Release|Any CPU
		{4D5E25EE-D3F2-4FD7-BC6B-D755F4DAF8F7}.Debug|Any CPU.ActiveCfg = Debug|Any CPU
		{4D5E25EE-D3F2-4FD7-BC6B-D755F4DAF8F7}.Debug|Any CPU.Build.0 = Debug|Any CPU
		{4D5E25EE-D3F2-4FD7-BC6B-D755F4DAF8F7}.Debug|iPhone.ActiveCfg = Debug|Any CPU
		{4D5E25EE-D3F2-4FD7-BC6B-D755F4DAF8F7}.Debug|iPhone.Build.0 = Debug|Any CPU
		{4D5E25EE-D3F2-4FD7-BC6B-D755F4DAF8F7}.Debug|iPhoneSimulator.ActiveCfg = Debug|Any CPU
		{4D5E25EE-D3F2-4FD7-BC6B-D755F4DAF8F7}.Debug|iPhoneSimulator.Build.0 = Debug|Any CPU
		{4D5E25EE-D3F2-4FD7-BC6B-D755F4DAF8F7}.Release|Any CPU.ActiveCfg = Release|Any CPU
		{4D5E25EE-D3F2-4FD7-BC6B-D755F4DAF8F7}.Release|Any CPU.Build.0 = Release|Any CPU
		{4D5E25EE-D3F2-4FD7-BC6B-D755F4DAF8F7}.Release|iPhone.ActiveCfg = Release|Any CPU
		{4D5E25EE-D3F2-4FD7-BC6B-D755F4DAF8F7}.Release|iPhone.Build.0 = Release|Any CPU
		{4D5E25EE-D3F2-4FD7-BC6B-D755F4DAF8F7}.Release|iPhoneSimulator.ActiveCfg = Release|Any CPU
		{4D5E25EE-D3F2-4FD7-BC6B-D755F4DAF8F7}.Release|iPhoneSimulator.Build.0 = Release|Any CPU
		{C4FCE4AF-5C07-4241-9703-FA52C615A97A}.Ad-Hoc|Any CPU.ActiveCfg = Release|Any CPU
		{C4FCE4AF-5C07-4241-9703-FA52C615A97A}.Ad-Hoc|Any CPU.Build.0 = Release|Any CPU
		{C4FCE4AF-5C07-4241-9703-FA52C615A97A}.Ad-Hoc|Any CPU.Deploy.0 = Release|Any CPU
		{C4FCE4AF-5C07-4241-9703-FA52C615A97A}.Ad-Hoc|iPhone.ActiveCfg = Release|Any CPU
		{C4FCE4AF-5C07-4241-9703-FA52C615A97A}.Ad-Hoc|iPhone.Build.0 = Release|Any CPU
		{C4FCE4AF-5C07-4241-9703-FA52C615A97A}.Ad-Hoc|iPhone.Deploy.0 = Release|Any CPU
		{C4FCE4AF-5C07-4241-9703-FA52C615A97A}.Ad-Hoc|iPhoneSimulator.ActiveCfg = Release|Any CPU
		{C4FCE4AF-5C07-4241-9703-FA52C615A97A}.Ad-Hoc|iPhoneSimulator.Build.0 = Release|Any CPU
		{C4FCE4AF-5C07-4241-9703-FA52C615A97A}.Ad-Hoc|iPhoneSimulator.Deploy.0 = Release|Any CPU
		{C4FCE4AF-5C07-4241-9703-FA52C615A97A}.AppStore|Any CPU.ActiveCfg = Release|Any CPU
		{C4FCE4AF-5C07-4241-9703-FA52C615A97A}.AppStore|Any CPU.Build.0 = Release|Any CPU
		{C4FCE4AF-5C07-4241-9703-FA52C615A97A}.AppStore|Any CPU.Deploy.0 = Release|Any CPU
		{C4FCE4AF-5C07-4241-9703-FA52C615A97A}.AppStore|iPhone.ActiveCfg = Release|Any CPU
		{C4FCE4AF-5C07-4241-9703-FA52C615A97A}.AppStore|iPhone.Build.0 = Release|Any CPU
		{C4FCE4AF-5C07-4241-9703-FA52C615A97A}.AppStore|iPhone.Deploy.0 = Release|Any CPU
		{C4FCE4AF-5C07-4241-9703-FA52C615A97A}.AppStore|iPhoneSimulator.ActiveCfg = Release|Any CPU
		{C4FCE4AF-5C07-4241-9703-FA52C615A97A}.AppStore|iPhoneSimulator.Build.0 = Release|Any CPU
		{C4FCE4AF-5C07-4241-9703-FA52C615A97A}.AppStore|iPhoneSimulator.Deploy.0 = Release|Any CPU
		{C4FCE4AF-5C07-4241-9703-FA52C615A97A}.Debug|Any CPU.ActiveCfg = Debug|Any CPU
		{C4FCE4AF-5C07-4241-9703-FA52C615A97A}.Debug|Any CPU.Build.0 = Debug|Any CPU
		{C4FCE4AF-5C07-4241-9703-FA52C615A97A}.Debug|Any CPU.Deploy.0 = Debug|Any CPU
		{C4FCE4AF-5C07-4241-9703-FA52C615A97A}.Debug|iPhone.ActiveCfg = Debug|Any CPU
		{C4FCE4AF-5C07-4241-9703-FA52C615A97A}.Debug|iPhone.Build.0 = Debug|Any CPU
		{C4FCE4AF-5C07-4241-9703-FA52C615A97A}.Debug|iPhone.Deploy.0 = Debug|Any CPU
		{C4FCE4AF-5C07-4241-9703-FA52C615A97A}.Debug|iPhoneSimulator.ActiveCfg = Debug|Any CPU
		{C4FCE4AF-5C07-4241-9703-FA52C615A97A}.Debug|iPhoneSimulator.Build.0 = Debug|Any CPU
		{C4FCE4AF-5C07-4241-9703-FA52C615A97A}.Debug|iPhoneSimulator.Deploy.0 = Debug|Any CPU
		{C4FCE4AF-5C07-4241-9703-FA52C615A97A}.Release|Any CPU.ActiveCfg = Release|Any CPU
		{C4FCE4AF-5C07-4241-9703-FA52C615A97A}.Release|Any CPU.Build.0 = Release|Any CPU
		{C4FCE4AF-5C07-4241-9703-FA52C615A97A}.Release|Any CPU.Deploy.0 = Release|Any CPU
		{C4FCE4AF-5C07-4241-9703-FA52C615A97A}.Release|iPhone.ActiveCfg = Release|Any CPU
		{C4FCE4AF-5C07-4241-9703-FA52C615A97A}.Release|iPhone.Build.0 = Release|Any CPU
		{C4FCE4AF-5C07-4241-9703-FA52C615A97A}.Release|iPhone.Deploy.0 = Release|Any CPU
		{C4FCE4AF-5C07-4241-9703-FA52C615A97A}.Release|iPhoneSimulator.ActiveCfg = Release|Any CPU
		{C4FCE4AF-5C07-4241-9703-FA52C615A97A}.Release|iPhoneSimulator.Build.0 = Release|Any CPU
		{C4FCE4AF-5C07-4241-9703-FA52C615A97A}.Release|iPhoneSimulator.Deploy.0 = Release|Any CPU
		{1C902E11-8B6B-45ED-95A4-21C04AC94726}.Ad-Hoc|Any CPU.ActiveCfg = Ad-Hoc|iPhone
		{1C902E11-8B6B-45ED-95A4-21C04AC94726}.Ad-Hoc|iPhone.ActiveCfg = Ad-Hoc|iPhone
		{1C902E11-8B6B-45ED-95A4-21C04AC94726}.Ad-Hoc|iPhone.Build.0 = Ad-Hoc|iPhone
		{1C902E11-8B6B-45ED-95A4-21C04AC94726}.Ad-Hoc|iPhoneSimulator.ActiveCfg = Ad-Hoc|iPhoneSimulator
		{1C902E11-8B6B-45ED-95A4-21C04AC94726}.Ad-Hoc|iPhoneSimulator.Build.0 = Ad-Hoc|iPhoneSimulator
		{1C902E11-8B6B-45ED-95A4-21C04AC94726}.AppStore|Any CPU.ActiveCfg = AppStore|iPhone
		{1C902E11-8B6B-45ED-95A4-21C04AC94726}.AppStore|iPhone.ActiveCfg = AppStore|iPhone
		{1C902E11-8B6B-45ED-95A4-21C04AC94726}.AppStore|iPhone.Build.0 = AppStore|iPhone
		{1C902E11-8B6B-45ED-95A4-21C04AC94726}.AppStore|iPhoneSimulator.ActiveCfg = AppStore|iPhoneSimulator
		{1C902E11-8B6B-45ED-95A4-21C04AC94726}.AppStore|iPhoneSimulator.Build.0 = AppStore|iPhoneSimulator
		{1C902E11-8B6B-45ED-95A4-21C04AC94726}.Debug|Any CPU.ActiveCfg = Debug|iPhone
		{1C902E11-8B6B-45ED-95A4-21C04AC94726}.Debug|iPhone.ActiveCfg = Debug|iPhone
		{1C902E11-8B6B-45ED-95A4-21C04AC94726}.Debug|iPhone.Build.0 = Debug|iPhone
		{1C902E11-8B6B-45ED-95A4-21C04AC94726}.Debug|iPhoneSimulator.ActiveCfg = Debug|iPhoneSimulator
		{1C902E11-8B6B-45ED-95A4-21C04AC94726}.Debug|iPhoneSimulator.Build.0 = Debug|iPhoneSimulator
		{1C902E11-8B6B-45ED-95A4-21C04AC94726}.Release|Any CPU.ActiveCfg = Release|iPhone
		{1C902E11-8B6B-45ED-95A4-21C04AC94726}.Release|iPhone.ActiveCfg = Release|iPhone
		{1C902E11-8B6B-45ED-95A4-21C04AC94726}.Release|iPhone.Build.0 = Release|iPhone
		{1C902E11-8B6B-45ED-95A4-21C04AC94726}.Release|iPhoneSimulator.ActiveCfg = Release|iPhoneSimulator
		{1C902E11-8B6B-45ED-95A4-21C04AC94726}.Release|iPhoneSimulator.Build.0 = Release|iPhoneSimulator
	EndGlobalSection
	GlobalSection(SolutionProperties) = preSolution
		HideSolutionNode = FALSE
	EndGlobalSection
EndGlobal
